
Microsoft Visual Studio Solution File, Format Version 12.00
# Visual Studio Version 16
VisualStudioVersion = 16.0.29519.87
MinimumVisualStudioVersion = 10.0.40219.1
Project("{FAE04EC0-301F-11D3-BF4B-00C04F79EFBC}") = "lab2.trigonometry_circle", "lab2.trigonometry_circle.csproj", "{1F5A1454-C49B-4145-87C6-F666B70EAA12}"
EndProject
Global
	GlobalSection(SolutionConfigurationPlatforms) = preSolution
		Debug|Any CPU = Debug|Any CPU
		Release|Any CPU = Release|Any CPU
	EndGlobalSection
	GlobalSection(ProjectConfigurationPlatforms) = postSolution
		{1F5A1454-C49B-4145-87C6-F666B70EAA12}.Debug|Any CPU.ActiveCfg = Debug|Any CPU
		{1F5A1454-C49B-4145-87C6-F666B70EAA12}.Debug|Any CPU.Build.0 = Debug|Any CPU
		{1F5A1454-C49B-4145-87C6-F666B70EAA12}.Release|Any CPU.ActiveCfg = Release|Any CPU
		{1F5A1454-C49B-4145-87C6-F666B70EAA12}.Release|Any CPU.Build.0 = Release|Any CPU
	EndGlobalSection
	GlobalSection(SolutionProperties) = preSolution
		HideSolutionNode = FALSE
	EndGlobalSection
	GlobalSection(ExtensibilityGlobals) = postSolution
		SolutionGuid = {9FA252D5-2576-4E44-BAD6-D3B2B40F0905}
	EndGlobalSection
EndGlobal
